
Microsoft Visual Studio Solution File, Format Version 12.00
# Visual Studio 15
VisualStudioVersion = 15.0.28010.2050
MinimumVisualStudioVersion = 10.0.40219.1
Project("{FAE04EC0-301F-11D3-BF4B-00C04F79EFBC}") = "EmployeeManagement", "EmployeeManagement\EmployeeManagement.csproj", "{B446C234-FD95-471F-8F46-A25E32240E2D}"
EndProject
Global
	GlobalSection(SolutionConfigurationPlatforms) = preSolution
		Debug|Any CPU = Debug|Any CPU
		Release|Any CPU = Release|Any CPU
	EndGlobalSection
	GlobalSection(ProjectConfigurationPlatforms) = postSolution
		{B446C234-FD95-471F-8F46-A25E32240E2D}.Debug|Any CPU.ActiveCfg = Debug|Any CPU
		{B446C234-FD95-471F-8F46-A25E32240E2D}.Debug|Any CPU.Build.0 = Debug|Any CPU
		{B446C234-FD95-471F-8F46-A25E32240E2D}.Release|Any CPU.ActiveCfg = Release|Any CPU
		{B446C234-FD95-471F-8F46-A25E32240E2D}.Release|Any CPU.Build.0 = Release|Any CPU
	EndGlobalSection
	GlobalSection(SolutionProperties) = preSolution
		HideSolutionNode = FALSE
	EndGlobalSection
	GlobalSection(ExtensibilityGlobals) = postSolution
		SolutionGuid = {716EEB7E-99BD-4397-B195-B9401924BB72}
	EndGlobalSection
EndGlobal
